
Microsoft Visual Studio Solution File, Format Version 12.00
# Visual Studio Version 17
VisualStudioVersion = 17.2.32616.157
MinimumVisualStudioVersion = 10.0.40219.1
Project("{FAE04EC0-301F-11D3-BF4B-00C04F79EFBC}") = "AddressBookSystem", "AddressBookSystem\AddressBookSystem.csproj", "{622E62BC-A852-435A-8E50-A67DCEF58BAA}"
EndProject
Global
	GlobalSection(SolutionConfigurationPlatforms) = preSolution
		Debug|Any CPU = Debug|Any CPU
		Release|Any CPU = Release|Any CPU
	EndGlobalSection
	GlobalSection(ProjectConfigurationPlatforms) = postSolution
		{622E62BC-A852-435A-8E50-A67DCEF58BAA}.Debug|Any CPU.ActiveCfg = Debug|Any CPU
		{622E62BC-A852-435A-8E50-A67DCEF58BAA}.Debug|Any CPU.Build.0 = Debug|Any CPU
		{622E62BC-A852-435A-8E50-A67DCEF58BAA}.Release|Any CPU.ActiveCfg = Release|Any CPU
		{622E62BC-A852-435A-8E50-A67DCEF58BAA}.Release|Any CPU.Build.0 = Release|Any CPU
	EndGlobalSection
	GlobalSection(SolutionProperties) = preSolution
		HideSolutionNode = FALSE
	EndGlobalSection
	GlobalSection(ExtensibilityGlobals) = postSolution
		SolutionGuid = {B5858D97-AAF4-4C9C-BD60-22A6EC63BB95}
	EndGlobalSection
EndGlobal
